// !$*UTF8*$!
{
	archiveVersion = 1;
	classes = {
	};
	objectVersion = 77;
	objects = {

/* Begin PBXBuildFile section */
		074109E32EB203DC00E5CD55 /* Assets.xcassets in Resources */ = {isa = PBXBuildFile; fileRef = 074109E02EB203DC00E5CD55 /* Assets.xcassets */; };
		074109E42EB203DC00E5CD55 /* Book.swift in Sources */ = {isa = PBXBuildFile; fileRef = 074109D92EB203DC00E5CD55 /* Book.swift */; };
		074109E52EB203DC00E5CD55 /* MainViewModel.swift in Sources */ = {isa = PBXBuildFile; fileRef = 074109DB2EB203DC00E5CD55 /* MainViewModel.swift */; };
		074109E62EB203DC00E5CD55 /* BookCard.swift in Sources */ = {isa = PBXBuildFile; fileRef = 074109DD2EB203DC00E5CD55 /* BookCard.swift */; };
		074109E72EB203DC00E5CD55 /* MainView.swift in Sources */ = {isa = PBXBuildFile; fileRef = 074109DE2EB203DC00E5CD55 /* MainView.swift */; };
		074109E82EB203DC00E5CD55 /* BookLibrary.swift in Sources */ = {isa = PBXBuildFile; fileRef = 074109E12EB203DC00E5CD55 /* BookLibrary.swift */; };
		074109EC2EB203F400E5CD55 /* NetworkManager.swift in Sources */ = {isa = PBXBuildFile; fileRef = 074109EA2EB203F100E5CD55 /* NetworkManager.swift */; };
		074109F02EB208C200E5CD55 /* BooksEndpoint.swift in Sources */ = {isa = PBXBuildFile; fileRef = 074109EF2EB208BD00E5CD55 /* BooksEndpoint.swift */; };
		074109F22EB2154600E5CD55 /* BookDetails.swift in Sources */ = {isa = PBXBuildFile; fileRef = 074109F12EB2154400E5CD55 /* BookDetails.swift */; };
		074109F42EB22D1B00E5CD55 /* FavoritesManager.swift in Sources */ = {isa = PBXBuildFile; fileRef = 074109F32EB22D1600E5CD55 /* FavoritesManager.swift */; };
		074109F62EB22E1100E5CD55 /* FavoriteButton.swift in Sources */ = {isa = PBXBuildFile; fileRef = 074109F52EB22E0D00E5CD55 /* FavoriteButton.swift */; };
		074109F82EB22FCD00E5CD55 /* FavoritesView.swift in Sources */ = {isa = PBXBuildFile; fileRef = 074109F72EB22FC700E5CD55 /* FavoritesView.swift */; };
/* End PBXBuildFile section */

/* Begin PBXContainerItemProxy section */
		074109AE2EB1FD7000E5CD55 /* PBXContainerItemProxy */ = {
			isa = PBXContainerItemProxy;
			containerPortal = 074109962EB1FD7000E5CD55 /* Project object */;
			proxyType = 1;
			remoteGlobalIDString = 0741099D2EB1FD7000E5CD55;
			remoteInfo = BookLibrary;
		};
/* End PBXContainerItemProxy section */

/* Begin PBXFileReference section */
		0741099E2EB1FD7000E5CD55 /* BookLibrary.app */ = {isa = PBXFileReference; explicitFileType = wrapper.application; includeInIndex = 0; path = BookLibrary.app; sourceTree = BUILT_PRODUCTS_DIR; };
		074109AD2EB1FD7000E5CD55 /* BookLibraryTests.xctest */ = {isa = PBXFileReference; explicitFileType = wrapper.cfbundle; includeInIndex = 0; path = BookLibraryTests.xctest; sourceTree = BUILT_PRODUCTS_DIR; };
		074109D92EB203DC00E5CD55 /* Book.swift */ = {isa = PBXFileReference; lastKnownFileType = sourcecode.swift; path = Book.swift; sourceTree = "<group>"; };
		074109DB2EB203DC00E5CD55 /* MainViewModel.swift */ = {isa = PBXFileReference; lastKnownFileType = sourcecode.swift; path = MainViewModel.swift; sourceTree = "<group>"; };
		074109DD2EB203DC00E5CD55 /* BookCard.swift */ = {isa = PBXFileReference; lastKnownFileType = sourcecode.swift; path = BookCard.swift; sourceTree = "<group>"; };
		074109DE2EB203DC00E5CD55 /* MainView.swift */ = {isa = PBXFileReference; lastKnownFileType = sourcecode.swift; path = MainView.swift; sourceTree = "<group>"; };
		074109E02EB203DC00E5CD55 /* Assets.xcassets */ = {isa = PBXFileReference; lastKnownFileType = folder.assetcatalog; path = Assets.xcassets; sourceTree = "<group>"; };
		074109E12EB203DC00E5CD55 /* BookLibrary.swift */ = {isa = PBXFileReference; lastKnownFileType = sourcecode.swift; path = BookLibrary.swift; sourceTree = "<group>"; };
		074109EA2EB203F100E5CD55 /* NetworkManager.swift */ = {isa = PBXFileReference; lastKnownFileType = sourcecode.swift; path = NetworkManager.swift; sourceTree = "<group>"; };
		074109EF2EB208BD00E5CD55 /* BooksEndpoint.swift */ = {isa = PBXFileReference; lastKnownFileType = sourcecode.swift; path = BooksEndpoint.swift; sourceTree = "<group>"; };
		074109F12EB2154400E5CD55 /* BookDetails.swift */ = {isa = PBXFileReference; lastKnownFileType = sourcecode.swift; path = BookDetails.swift; sourceTree = "<group>"; };
		074109F32EB22D1600E5CD55 /* FavoritesManager.swift */ = {isa = PBXFileReference; lastKnownFileType = sourcecode.swift; path = FavoritesManager.swift; sourceTree = "<group>"; };
		074109F52EB22E0D00E5CD55 /* FavoriteButton.swift */ = {isa = PBXFileReference; lastKnownFileType = sourcecode.swift; path = FavoriteButton.swift; sourceTree = "<group>"; };
		074109F72EB22FC700E5CD55 /* FavoritesView.swift */ = {isa = PBXFileReference; lastKnownFileType = sourcecode.swift; path = FavoritesView.swift; sourceTree = "<group>"; };
/* End PBXFileReference section */

/* Begin PBXFileSystemSynchronizedRootGroup section */
		074109B02EB1FD7000E5CD55 /* BookLibraryTests */ = {
			isa = PBXFileSystemSynchronizedRootGroup;
			path = BookLibraryTests;
			sourceTree = "<group>";
		};
/* End PBXFileSystemSynchronizedRootGroup section */

/* Begin PBXFrameworksBuildPhase section */
		0741099B2EB1FD7000E5CD55 /* Frameworks */ = {
			isa = PBXFrameworksBuildPhase;
			buildActionMask = 2147483647;
			files = (
			);
			runOnlyForDeploymentPostprocessing = 0;
		};
		074109AA2EB1FD7000E5CD55 /* Frameworks */ = {
			isa = PBXFrameworksBuildPhase;
			buildActionMask = 2147483647;
			files = (
			);
			runOnlyForDeploymentPostprocessing = 0;
		};
/* End PBXFrameworksBuildPhase section */

/* Begin PBXGroup section */
		074109952EB1FD7000E5CD55 = {
			isa = PBXGroup;
			children = (
				074109E22EB203DC00E5CD55 /* BookLibrary */,
				074109B02EB1FD7000E5CD55 /* BookLibraryTests */,
				0741099F2EB1FD7000E5CD55 /* Products */,
			);
			sourceTree = "<group>";
		};
		0741099F2EB1FD7000E5CD55 /* Products */ = {
			isa = PBXGroup;
			children = (
				0741099E2EB1FD7000E5CD55 /* BookLibrary.app */,
				074109AD2EB1FD7000E5CD55 /* BookLibraryTests.xctest */,
			);
			name = Products;
			sourceTree = "<group>";
		};
		074109DA2EB203DC00E5CD55 /* Models */ = {
			isa = PBXGroup;
			children = (
				074109EF2EB208BD00E5CD55 /* BooksEndpoint.swift */,
				074109D92EB203DC00E5CD55 /* Book.swift */,
			);
			path = Models;
			sourceTree = "<group>";
		};
		074109DC2EB203DC00E5CD55 /* ViewModels */ = {
			isa = PBXGroup;
			children = (
				074109DB2EB203DC00E5CD55 /* MainViewModel.swift */,
			);
			path = ViewModels;
			sourceTree = "<group>";
		};
		074109DF2EB203DC00E5CD55 /* Views */ = {
			isa = PBXGroup;
			children = (
				074109F72EB22FC700E5CD55 /* FavoritesView.swift */,
				074109F52EB22E0D00E5CD55 /* FavoriteButton.swift */,
				074109F12EB2154400E5CD55 /* BookDetails.swift */,
				074109DD2EB203DC00E5CD55 /* BookCard.swift */,
				074109DE2EB203DC00E5CD55 /* MainView.swift */,
			);
			path = Views;
			sourceTree = "<group>";
		};
		074109E22EB203DC00E5CD55 /* BookLibrary */ = {
			isa = PBXGroup;
			children = (
				074109EE2EB2064E00E5CD55 /* Utils */,
				074109DA2EB203DC00E5CD55 /* Models */,
				074109DC2EB203DC00E5CD55 /* ViewModels */,
				074109DF2EB203DC00E5CD55 /* Views */,
				074109E02EB203DC00E5CD55 /* Assets.xcassets */,
				074109E12EB203DC00E5CD55 /* BookLibrary.swift */,
			);
			path = BookLibrary;
			sourceTree = "<group>";
		};
		074109EE2EB2064E00E5CD55 /* Utils */ = {
			isa = PBXGroup;
			children = (
				074109F32EB22D1600E5CD55 /* FavoritesManager.swift */,
				074109EA2EB203F100E5CD55 /* NetworkManager.swift */,
			);
			path = Utils;
			sourceTree = "<group>";
		};
/* End PBXGroup section */

/* Begin PBXNativeTarget section */
		0741099D2EB1FD7000E5CD55 /* BookLibrary */ = {
			isa = PBXNativeTarget;
			buildConfigurationList = 074109C12EB1FD7000E5CD55 /* Build configuration list for PBXNativeTarget "BookLibrary" */;
			buildPhases = (
				0741099A2EB1FD7000E5CD55 /* Sources */,
				0741099B2EB1FD7000E5CD55 /* Frameworks */,
				0741099C2EB1FD7000E5CD55 /* Resources */,
			);
			buildRules = (
			);
			dependencies = (
			);
			name = BookLibrary;
			packageProductDependencies = (
			);
			productName = BookLibrary;
			productReference = 0741099E2EB1FD7000E5CD55 /* BookLibrary.app */;
			productType = "com.apple.product-type.application";
		};
		074109AC2EB1FD7000E5CD55 /* BookLibraryTests */ = {
			isa = PBXNativeTarget;
			buildConfigurationList = 074109C42EB1FD7000E5CD55 /* Build configuration list for PBXNativeTarget "BookLibraryTests" */;
			buildPhases = (
				074109A92EB1FD7000E5CD55 /* Sources */,
				074109AA2EB1FD7000E5CD55 /* Frameworks */,
				074109AB2EB1FD7000E5CD55 /* Resources */,
			);
			buildRules = (
			);
			dependencies = (
				074109AF2EB1FD7000E5CD55 /* PBXTargetDependency */,
			);
			fileSystemSynchronizedGroups = (
				074109B02EB1FD7000E5CD55 /* BookLibraryTests */,
			);
			name = BookLibraryTests;
			packageProductDependencies = (
			);
			productName = BookLibraryTests;
			productReference = 074109AD2EB1FD7000E5CD55 /* BookLibraryTests.xctest */;
			productType = "com.apple.product-type.bundle.unit-test";
		};
/* End PBXNativeTarget section */

/* Begin PBXProject section */
		074109962EB1FD7000E5CD55 /* Project object */ = {
			isa = PBXProject;
			attributes = {
				BuildIndependentTargetsInParallel = 1;
				LastSwiftUpdateCheck = 2600;
				LastUpgradeCheck = 2600;
				TargetAttributes = {
					0741099D2EB1FD7000E5CD55 = {
						CreatedOnToolsVersion = 26.0.1;
					};
					074109AC2EB1FD7000E5CD55 = {
						CreatedOnToolsVersion = 26.0.1;
						TestTargetID = 0741099D2EB1FD7000E5CD55;
					};
				};
			};
			buildConfigurationList = 074109992EB1FD7000E5CD55 /* Build configuration list for PBXProject "BookLibrary" */;
			developmentRegion = en;
			hasScannedForEncodings = 0;
			knownRegions = (
				en,
				Base,
			);
			mainGroup = 074109952EB1FD7000E5CD55;
			minimizedProjectReferenceProxies = 1;
			preferredProjectObjectVersion = 77;
			productRefGroup = 0741099F2EB1FD7000E5CD55 /* Products */;
			projectDirPath = "";
			projectRoot = "";
			targets = (
				0741099D2EB1FD7000E5CD55 /* BookLibrary */,
				074109AC2EB1FD7000E5CD55 /* BookLibraryTests */,
			);
		};
/* End PBXProject section */

/* Begin PBXResourcesBuildPhase section */
		0741099C2EB1FD7000E5CD55 /* Resources */ = {
			isa = PBXResourcesBuildPhase;
			buildActionMask = 2147483647;
			files = (
				074109E32EB203DC00E5CD55 /* Assets.xcassets in Resources */,
			);
			runOnlyForDeploymentPostprocessing = 0;
		};
		074109AB2EB1FD7000E5CD55 /* Resources */ = {
			isa = PBXResourcesBuildPhase;
			buildActionMask = 2147483647;
			files = (
			);
			runOnlyForDeploymentPostprocessing = 0;
		};
/* End PBXResourcesBuildPhase section */

/* Begin PBXSourcesBuildPhase section */
		0741099A2EB1FD7000E5CD55 /* Sources */ = {
			isa = PBXSourcesBuildPhase;
			buildActionMask = 2147483647;
			files = (
				074109F82EB22FCD00E5CD55 /* FavoritesView.swift in Sources */,
				074109EC2EB203F400E5CD55 /* NetworkManager.swift in Sources */,
				074109E42EB203DC00E5CD55 /* Book.swift in Sources */,
				074109F02EB208C200E5CD55 /* BooksEndpoint.swift in Sources */,
				074109F62EB22E1100E5CD55 /* FavoriteButton.swift in Sources */,
				074109E52EB203DC00E5CD55 /* MainViewModel.swift in Sources */,
				074109E62EB203DC00E5CD55 /* BookCard.swift in Sources */,
				074109F22EB2154600E5CD55 /* BookDetails.swift in Sources */,
				074109E72EB203DC00E5CD55 /* MainView.swift in Sources */,
				074109F42EB22D1B00E5CD55 /* FavoritesManager.swift in Sources */,
				074109E82EB203DC00E5CD55 /* BookLibrary.swift in Sources */,
			);
			runOnlyForDeploymentPostprocessing = 0;
		};
		074109A92EB1FD7000E5CD55 /* Sources */ = {
			isa = PBXSourcesBuildPhase;
			buildActionMask = 2147483647;
			files = (
			);
			runOnlyForDeploymentPostprocessing = 0;
		};
/* End PBXSourcesBuildPhase section */

/* Begin PBXTargetDependency section */
		074109AF2EB1FD7000E5CD55 /* PBXTargetDependency */ = {
			isa = PBXTargetDependency;
			target = 0741099D2EB1FD7000E5CD55 /* BookLibrary */;
			targetProxy = 074109AE2EB1FD7000E5CD55 /* PBXContainerItemProxy */;
		};
/* End PBXTargetDependency section */

/* Begin XCBuildConfiguration section */
		074109BF2EB1FD7000E5CD55 /* Debug */ = {
			isa = XCBuildConfiguration;
			buildSettings = {
				ALWAYS_SEARCH_USER_PATHS = NO;
				ASSETCATALOG_COMPILER_GENERATE_SWIFT_ASSET_SYMBOL_EXTENSIONS = YES;
				CLANG_ANALYZER_NONNULL = YES;
				CLANG_ANALYZER_NUMBER_OBJECT_CONVERSION = YES_AGGRESSIVE;
				CLANG_CXX_LANGUAGE_STANDARD = "gnu++20";
				CLANG_ENABLE_MODULES = YES;
				CLANG_ENABLE_OBJC_ARC = YES;
				CLANG_ENABLE_OBJC_WEAK = YES;
				CLANG_WARN_BLOCK_CAPTURE_AUTORELEASING = YES;
				CLANG_WARN_BOOL_CONVERSION = YES;
				CLANG_WARN_COMMA = YES;
				CLANG_WARN_CONSTANT_CONVERSION = YES;
				CLANG_WARN_DEPRECATED_OBJC_IMPLEMENTATIONS = YES;
				CLANG_WARN_DIRECT_OBJC_ISA_USAGE = YES_ERROR;
				CLANG_WARN_DOCUMENTATION_COMMENTS = YES;
				CLANG_WARN_EMPTY_BODY = YES;
				CLANG_WARN_ENUM_CONVERSION = YES;
				CLANG_WARN_INFINITE_RECURSION = YES;
				CLANG_WARN_INT_CONVERSION = YES;
				CLANG_WARN_NON_LITERAL_NULL_CONVERSION = YES;
				CLANG_WARN_OBJC_IMPLICIT_RETAIN_SELF = YES;
				CLANG_WARN_OBJC_LITERAL_CONVERSION = YES;
				CLANG_WARN_OBJC_ROOT_CLASS = YES_ERROR;
				CLANG_WARN_QUOTED_INCLUDE_IN_FRAMEWORK_HEADER = YES;
				CLANG_WARN_RANGE_LOOP_ANALYSIS = YES;
				CLANG_WARN_STRICT_PROTOTYPES = YES;
				CLANG_WARN_SUSPICIOUS_MOVE = YES;
				CLANG_WARN_UNGUARDED_AVAILABILITY = YES_AGGRESSIVE;
				CLANG_WARN_UNREACHABLE_CODE = YES;
				CLANG_WARN__DUPLICATE_METHOD_MATCH = YES;
				COPY_PHASE_STRIP = NO;
				DEBUG_INFORMATION_FORMAT = dwarf;
				DEVELOPMENT_TEAM = 8J642XXF24;
				ENABLE_STRICT_OBJC_MSGSEND = YES;
				ENABLE_TESTABILITY = YES;
				ENABLE_USER_SCRIPT_SANDBOXING = YES;
				GCC_C_LANGUAGE_STANDARD = gnu17;
				GCC_DYNAMIC_NO_PIC = NO;
				GCC_NO_COMMON_BLOCKS = YES;
				GCC_OPTIMIZATION_LEVEL = 0;
				GCC_PREPROCESSOR_DEFINITIONS = (
					"DEBUG=1",
					"$(inherited)",
				);
				GCC_WARN_64_TO_32_BIT_CONVERSION = YES;
				GCC_WARN_ABOUT_RETURN_TYPE = YES_ERROR;
				GCC_WARN_UNDECLARED_SELECTOR = YES;
				GCC_WARN_UNINITIALIZED_AUTOS = YES_AGGRESSIVE;
				GCC_WARN_UNUSED_FUNCTION = YES;
				GCC_WARN_UNUSED_VARIABLE = YES;
				LOCALIZATION_PREFERS_STRING_CATALOGS = YES;
				MTL_ENABLE_DEBUG_INFO = INCLUDE_SOURCE;
				MTL_FAST_MATH = YES;
				ONLY_ACTIVE_ARCH = YES;
				SWIFT_ACTIVE_COMPILATION_CONDITIONS = "DEBUG $(inherited)";
				SWIFT_OPTIMIZATION_LEVEL = "-Onone";
			};
			name = Debug;
		};
		074109C02EB1FD7000E5CD55 /* Release */ = {
			isa = XCBuildConfiguration;
			buildSettings = {
				ALWAYS_SEARCH_USER_PATHS = NO;
				ASSETCATALOG_COMPILER_GENERATE_SWIFT_ASSET_SYMBOL_EXTENSIONS = YES;
				CLANG_ANALYZER_NONNULL = YES;
				CLANG_ANALYZER_NUMBER_OBJECT_CONVERSION = YES_AGGRESSIVE;
				CLANG_CXX_LANGUAGE_STANDARD = "gnu++20";
				CLANG_ENABLE_MODULES = YES;
				CLANG_ENABLE_OBJC_ARC = YES;
				CLANG_ENABLE_OBJC_WEAK = YES;
				CLANG_WARN_BLOCK_CAPTURE_AUTORELEASING = YES;
				CLANG_WARN_BOOL_CONVERSION = YES;
				CLANG_WARN_COMMA = YES;
				CLANG_WARN_CONSTANT_CONVERSION = YES;
				CLANG_WARN_DEPRECATED_OBJC_IMPLEMENTATIONS = YES;
				CLANG_WARN_DIRECT_OBJC_ISA_USAGE = YES_ERROR;
				CLANG_WARN_DOCUMENTATION_COMMENTS = YES;
				CLANG_WARN_EMPTY_BODY = YES;
				CLANG_WARN_ENUM_CONVERSION = YES;
				CLANG_WARN_INFINITE_RECURSION = YES;
				CLANG_WARN_INT_CONVERSION = YES;
				CLANG_WARN_NON_LITERAL_NULL_CONVERSION = YES;
				CLANG_WARN_OBJC_IMPLICIT_RETAIN_SELF = YES;
				CLANG_WARN_OBJC_LITERAL_CONVERSION = YES;
				CLANG_WARN_OBJC_ROOT_CLASS = YES_ERROR;
				CLANG_WARN_QUOTED_INCLUDE_IN_FRAMEWORK_HEADER = YES;
				CLANG_WARN_RANGE_LOOP_ANALYSIS = YES;
				CLANG_WARN_STRICT_PROTOTYPES = YES;
				CLANG_WARN_SUSPICIOUS_MOVE = YES;
				CLANG_WARN_UNGUARDED_AVAILABILITY = YES_AGGRESSIVE;
				CLANG_WARN_UNREACHABLE_CODE = YES;
				CLANG_WARN__DUPLICATE_METHOD_MATCH = YES;
				COPY_PHASE_STRIP = NO;
				DEBUG_INFORMATION_FORMAT = "dwarf-with-dsym";
				DEVELOPMENT_TEAM = 8J642XXF24;
				ENABLE_NS_ASSERTIONS = NO;
				ENABLE_STRICT_OBJC_MSGSEND = YES;
				ENABLE_USER_SCRIPT_SANDBOXING = YES;
				GCC_C_LANGUAGE_STANDARD = gnu17;
				GCC_NO_COMMON_BLOCKS = YES;
				GCC_WARN_64_TO_32_BIT_CONVERSION = YES;
				GCC_WARN_ABOUT_RETURN_TYPE = YES_ERROR;
				GCC_WARN_UNDECLARED_SELECTOR = YES;
				GCC_WARN_UNINITIALIZED_AUTOS = YES_AGGRESSIVE;
				GCC_WARN_UNUSED_FUNCTION = YES;
				GCC_WARN_UNUSED_VARIABLE = YES;
				LOCALIZATION_PREFERS_STRING_CATALOGS = YES;
				MTL_ENABLE_DEBUG_INFO = NO;
				MTL_FAST_MATH = YES;
				SWIFT_COMPILATION_MODE = wholemodule;
			};
			name = Release;
		};
		074109C22EB1FD7000E5CD55 /* Debug */ = {
			isa = XCBuildConfiguration;
			buildSettings = {
				ASSETCATALOG_COMPILER_APPICON_NAME = AppIcon;
				ASSETCATALOG_COMPILER_GLOBAL_ACCENT_COLOR_NAME = AccentColor;
				CODE_SIGN_STYLE = Automatic;
				CURRENT_PROJECT_VERSION = 1;
				DEVELOPMENT_TEAM = 8J642XXF24;
				ENABLE_APP_SANDBOX = YES;
				ENABLE_HARDENED_RUNTIME = YES;
				ENABLE_PREVIEWS = YES;
				ENABLE_USER_SELECTED_FILES = readonly;
				GENERATE_INFOPLIST_FILE = YES;
				"INFOPLIST_KEY_UIApplicationSceneManifest_Generation[sdk=iphoneos*]" = YES;
				"INFOPLIST_KEY_UIApplicationSceneManifest_Generation[sdk=iphonesimulator*]" = YES;
				"INFOPLIST_KEY_UIApplicationSupportsIndirectInputEvents[sdk=iphoneos*]" = YES;
				"INFOPLIST_KEY_UIApplicationSupportsIndirectInputEvents[sdk=iphonesimulator*]" = YES;
				"INFOPLIST_KEY_UILaunchScreen_Generation[sdk=iphoneos*]" = YES;
				"INFOPLIST_KEY_UILaunchScreen_Generation[sdk=iphonesimulator*]" = YES;
				"INFOPLIST_KEY_UIStatusBarStyle[sdk=iphoneos*]" = UIStatusBarStyleDefault;
				"INFOPLIST_KEY_UIStatusBarStyle[sdk=iphonesimulator*]" = UIStatusBarStyleDefault;
				INFOPLIST_KEY_UISupportedInterfaceOrientations_iPad = "UIInterfaceOrientationPortrait UIInterfaceOrientationPortraitUpsideDown UIInterfaceOrientationLandscapeLeft UIInterfaceOrientationLandscapeRight";
				INFOPLIST_KEY_UISupportedInterfaceOrientations_iPhone = "UIInterfaceOrientationPortrait UIInterfaceOrientationLandscapeLeft UIInterfaceOrientationLandscapeRight";
				IPHONEOS_DEPLOYMENT_TARGET = 15.0;
				LD_RUNPATH_SEARCH_PATHS = "@executable_path/Frameworks";
				"LD_RUNPATH_SEARCH_PATHS[sdk=macosx*]" = "@executable_path/../Frameworks";
				MACOSX_DEPLOYMENT_TARGET = 15.7;
				MARKETING_VERSION = 1.0;
				PRODUCT_BUNDLE_IDENTIFIER = com.ageor.BookLibrary;
				PRODUCT_NAME = "$(TARGET_NAME)";
				REGISTER_APP_GROUPS = YES;
				SDKROOT = auto;
				STRING_CATALOG_GENERATE_SYMBOLS = YES;
				SUPPORTED_PLATFORMS = "iphoneos iphonesimulator macosx xros xrsimulator";
				SWIFT_APPROACHABLE_CONCURRENCY = YES;
				SWIFT_DEFAULT_ACTOR_ISOLATION = MainActor;
				SWIFT_EMIT_LOC_STRINGS = YES;
				SWIFT_UPCOMING_FEATURE_MEMBER_IMPORT_VISIBILITY = YES;
				SWIFT_VERSION = 5.0;
				TARGETED_DEVICE_FAMILY = "1,2,7";
				XROS_DEPLOYMENT_TARGET = 26.0;
			};
			name = Debug;
		};
		074109C32EB1FD7000E5CD55 /* Release */ = {
			isa = XCBuildConfiguration;
			buildSettings = {
				ASSETCATALOG_COMPILER_APPICON_NAME = AppIcon;
				ASSETCATALOG_COMPILER_GLOBAL_ACCENT_COLOR_NAME = AccentColor;
				CODE_SIGN_STYLE = Automatic;
				CURRENT_PROJECT_VERSION = 1;
				DEVELOPMENT_TEAM = 8J642XXF24;
				ENABLE_APP_SANDBOX = YES;
				ENABLE_HARDENED_RUNTIME = YES;
				ENABLE_PREVIEWS = YES;
				ENABLE_USER_SELECTED_FILES = readonly;
				GENERATE_INFOPLIST_FILE = YES;
				"INFOPLIST_KEY_UIApplicationSceneManifest_Generation[sdk=iphoneos*]" = YES;
				"INFOPLIST_KEY_UIApplicationSceneManifest_Generation[sdk=iphonesimulator*]" = YES;
				"INFOPLIST_KEY_UIApplicationSupportsIndirectInputEvents[sdk=iphoneos*]" = YES;
				"INFOPLIST_KEY_UIApplicationSupportsIndirectInputEvents[sdk=iphonesimulator*]" = YES;
				"INFOPLIST_KEY_UILaunchScreen_Generation[sdk=iphoneos*]" = YES;
				"INFOPLIST_KEY_UILaunchScreen_Generation[sdk=iphonesimulator*]" = YES;
				"INFOPLIST_KEY_UIStatusBarStyle[sdk=iphoneos*]" = UIStatusBarStyleDefault;
				"INFOPLIST_KEY_UIStatusBarStyle[sdk=iphonesimulator*]" = UIStatusBarStyleDefault;
				INFOPLIST_KEY_UISupportedInterfaceOrientations_iPad = "UIInterfaceOrientationPortrait UIInterfaceOrientationPortraitUpsideDown UIInterfaceOrientationLandscapeLeft UIInterfaceOrientationLandscapeRight";
				INFOPLIST_KEY_UISupportedInterfaceOrientations_iPhone = "UIInterfaceOrientationPortrait UIInterfaceOrientationLandscapeLeft UIInterfaceOrientationLandscapeRight";
				IPHONEOS_DEPLOYMENT_TARGET = 15.0;
				LD_RUNPATH_SEARCH_PATHS = "@executable_path/Frameworks";
				"LD_RUNPATH_SEARCH_PATHS[sdk=macosx*]" = "@executable_path/../Frameworks";
				MACOSX_DEPLOYMENT_TARGET = 15.7;
				MARKETING_VERSION = 1.0;
				PRODUCT_BUNDLE_IDENTIFIER = com.ageor.BookLibrary;
				PRODUCT_NAME = "$(TARGET_NAME)";
				REGISTER_APP_GROUPS = YES;
				SDKROOT = auto;
				STRING_CATALOG_GENERATE_SYMBOLS = YES;
				SUPPORTED_PLATFORMS = "iphoneos iphonesimulator macosx xros xrsimulator";
				SWIFT_APPROACHABLE_CONCURRENCY = YES;
				SWIFT_DEFAULT_ACTOR_ISOLATION = MainActor;
				SWIFT_EMIT_LOC_STRINGS = YES;
				SWIFT_UPCOMING_FEATURE_MEMBER_IMPORT_VISIBILITY = YES;
				SWIFT_VERSION = 5.0;
				TARGETED_DEVICE_FAMILY = "1,2,7";
				XROS_DEPLOYMENT_TARGET = 26.0;
			};
			name = Release;
		};
		074109C52EB1FD7000E5CD55 /* Debug */ = {
			isa = XCBuildConfiguration;
			buildSettings = {
				BUNDLE_LOADER = "$(TEST_HOST)";
				CODE_SIGN_STYLE = Automatic;
				CURRENT_PROJECT_VERSION = 1;
				DEVELOPMENT_TEAM = 8J642XXF24;
				GENERATE_INFOPLIST_FILE = YES;
				IPHONEOS_DEPLOYMENT_TARGET = 15.0;
				MACOSX_DEPLOYMENT_TARGET = 15.7;
				MARKETING_VERSION = 1.0;
				PRODUCT_BUNDLE_IDENTIFIER = com.ageor.BookLibraryTests;
				PRODUCT_NAME = "$(TARGET_NAME)";
				SDKROOT = auto;
				STRING_CATALOG_GENERATE_SYMBOLS = NO;
				SUPPORTED_PLATFORMS = "iphoneos iphonesimulator macosx xros xrsimulator";
				SWIFT_APPROACHABLE_CONCURRENCY = YES;
				SWIFT_EMIT_LOC_STRINGS = NO;
				SWIFT_UPCOMING_FEATURE_MEMBER_IMPORT_VISIBILITY = YES;
				SWIFT_VERSION = 5.0;
				TARGETED_DEVICE_FAMILY = "1,2,7";
				TEST_HOST = "$(BUILT_PRODUCTS_DIR)/BookLibrary.app/$(BUNDLE_EXECUTABLE_FOLDER_PATH)/BookLibrary";
				XROS_DEPLOYMENT_TARGET = 26.0;
			};
			name = Debug;
		};
		074109C62EB1FD7000E5CD55 /* Release */ = {
			isa = XCBuildConfiguration;
			buildSettings = {
				BUNDLE_LOADER = "$(TEST_HOST)";
				CODE_SIGN_STYLE = Automatic;
				CURRENT_PROJECT_VERSION = 1;
				DEVELOPMENT_TEAM = 8J642XXF24;
				GENERATE_INFOPLIST_FILE = YES;
				IPHONEOS_DEPLOYMENT_TARGET = 15.0;
				MACOSX_DEPLOYMENT_TARGET = 15.7;
				MARKETING_VERSION = 1.0;
				PRODUCT_BUNDLE_IDENTIFIER = com.ageor.BookLibraryTests;
				PRODUCT_NAME = "$(TARGET_NAME)";
				SDKROOT = auto;
				STRING_CATALOG_GENERATE_SYMBOLS = NO;
				SUPPORTED_PLATFORMS = "iphoneos iphonesimulator macosx xros xrsimulator";
				SWIFT_APPROACHABLE_CONCURRENCY = YES;
				SWIFT_EMIT_LOC_STRINGS = NO;
				SWIFT_UPCOMING_FEATURE_MEMBER_IMPORT_VISIBILITY = YES;
				SWIFT_VERSION = 5.0;
				TARGETED_DEVICE_FAMILY = "1,2,7";
				TEST_HOST = "$(BUILT_PRODUCTS_DIR)/BookLibrary.app/$(BUNDLE_EXECUTABLE_FOLDER_PATH)/BookLibrary";
				XROS_DEPLOYMENT_TARGET = 26.0;
			};
			name = Release;
		};
/* End XCBuildConfiguration section */

/* Begin XCConfigurationList section */
		074109992EB1FD7000E5CD55 /* Build configuration list for PBXProject "BookLibrary" */ = {
			isa = XCConfigurationList;
			buildConfigurations = (
				074109BF2EB1FD7000E5CD55 /* Debug */,
				074109C02EB1FD7000E5CD55 /* Release */,
			);
			defaultConfigurationIsVisible = 0;
			defaultConfigurationName = Release;
		};
		074109C12EB1FD7000E5CD55 /* Build configuration list for PBXNativeTarget "BookLibrary" */ = {
			isa = XCConfigurationList;
			buildConfigurations = (
				074109C22EB1FD7000E5CD55 /* Debug */,
				074109C32EB1FD7000E5CD55 /* Release */,
			);
			defaultConfigurationIsVisible = 0;
			defaultConfigurationName = Release;
		};
		074109C42EB1FD7000E5CD55 /* Build configuration list for PBXNativeTarget "BookLibraryTests" */ = {
			isa = XCConfigurationList;
			buildConfigurations = (
				074109C52EB1FD7000E5CD55 /* Debug */,
				074109C62EB1FD7000E5CD55 /* Release */,
			);
			defaultConfigurationIsVisible = 0;
			defaultConfigurationName = Release;
		};
/* End XCConfigurationList section */
	};
	rootObject = 074109962EB1FD7000E5CD55 /* Project object */;
}
